{
  "name": "my-node-project",
  "version": "1.0.0",
  "lockfileVersion": 3,
  "requires": true,
  "packages": {
    "": {
      "name": "my-node-project",
      "version": "1.0.0",
      "license": "ISC",
      "dependencies": {
        "@huggingface/inference": "^3.6.1",
        "dotenv": "^16.4.7"
      }
    },
    "node_modules/@huggingface/inference": {
      "version": "3.6.1",
      "resolved": "https://registry.npmjs.org/@huggingface/inference/-/inference-3.6.1.tgz",
      "integrity": "sha512-EtQlbBqcZycPe+qiTEFI+wNHOMpG0gwNTaZSvYu1juN1p/1dEgqAb2GO31dxLgNev2PzH9d+9nm8GngOsIepJg==",
      "dependencies": {
        "@huggingface/jinja": "^0.3.3",
        "@huggingface/tasks": "^0.17.8"
      },
      "engines": {
        "node": ">=18"
      }
    },
    "node_modules/@huggingface/jinja": {
      "version": "0.3.3",
      "resolved": "https://registry.npmjs.org/@huggingface/jinja/-/jinja-0.3.3.tgz",
      "integrity": "sha512-vQQr2JyWvVFba3Lj9es4q9vCl1sAc74fdgnEMoX8qHrXtswap9ge9uO3ONDzQB0cQ0PUyaKY2N6HaVbTBvSXvw==",
      "engines": {
        "node": ">=18"
      }
    },
    "node_modules/@huggingface/tasks": {
      "version": "0.17.8",
      "resolved": "https://registry.npmjs.org/@huggingface/tasks/-/tasks-0.17.8.tgz",
      "integrity": "sha512-8x9YxT1bkOhD0eMn7aytia4OrKQsjVTuQBg2Pkh7Sgjghv+8c6KQq4A5/dJbyNFdvY/1lcd2Si7NsUMhLufzCQ=="
    },
    "node_modules/dotenv": {
      "version": "16.4.7",
      "resolved": "https://registry.npmjs.org/dotenv/-/dotenv-16.4.7.tgz",
      "integrity": "sha512-47qPchRCykZC03FhkYAhrvwU4xDBFIj1QPqaarj6mdM/hgUzfPHcpkHJOn3mJAufFeeAxAzeGsr5X0M4k6fLZQ==",
      "engines": {
        "node": ">=12"
      },
      "funding": {
        "url": "https://dotenvx.com"
      }
    }
  }
}
